// !$*UTF8*$!
{
	archiveVersion = 1;
	classes = {
	};
	objectVersion = 55;
	objects = {

/* Begin PBXBuildFile section */
		297FA23529F170EE000E8B05 /* AppDelegate.swift in Sources */ = {isa = PBXBuildFile; fileRef = 297FA23429F170EE000E8B05 /* AppDelegate.swift */; };
		297FA23729F170EE000E8B05 /* SceneDelegate.swift in Sources */ = {isa = PBXBuildFile; fileRef = 297FA23629F170EE000E8B05 /* SceneDelegate.swift */; };
		297FA23929F170EE000E8B05 /* ViewController.swift in Sources */ = {isa = PBXBuildFile; fileRef = 297FA23829F170EE000E8B05 /* ViewController.swift */; };
		297FA23C29F170EE000E8B05 /* Main.storyboard in Resources */ = {isa = PBXBuildFile; fileRef = 297FA23A29F170EE000E8B05 /* Main.storyboard */; };
		297FA23E29F170EF000E8B05 /* Assets.xcassets in Resources */ = {isa = PBXBuildFile; fileRef = 297FA23D29F170EF000E8B05 /* Assets.xcassets */; };
		297FA24129F170EF000E8B05 /* LaunchScreen.storyboard in Resources */ = {isa = PBXBuildFile; fileRef = 297FA23F29F170EF000E8B05 /* LaunchScreen.storyboard */; };
		297FA24C29F170EF000E8B05 /* CollectionViewMovieAppTests.swift in Sources */ = {isa = PBXBuildFile; fileRef = 297FA24B29F170EF000E8B05 /* CollectionViewMovieAppTests.swift */; };
		297FA25629F170EF000E8B05 /* CollectionViewMovieAppUITests.swift in Sources */ = {isa = PBXBuildFile; fileRef = 297FA25529F170EF000E8B05 /* CollectionViewMovieAppUITests.swift */; };
		297FA25829F170EF000E8B05 /* CollectionViewMovieAppUITestsLaunchTests.swift in Sources */ = {isa = PBXBuildFile; fileRef = 297FA25729F170EF000E8B05 /* CollectionViewMovieAppUITestsLaunchTests.swift */; };
		297FA26529F174DB000E8B05 /* Movie.swift in Sources */ = {isa = PBXBuildFile; fileRef = 297FA26429F174DB000E8B05 /* Movie.swift */; };
		297FA26729F175CA000E8B05 /* MovieCollectionViewCell.swift in Sources */ = {isa = PBXBuildFile; fileRef = 297FA26629F175CA000E8B05 /* MovieCollectionViewCell.swift */; };
/* End PBXBuildFile section */

/* Begin PBXContainerItemProxy section */
		297FA24829F170EF000E8B05 /* PBXContainerItemProxy */ = {
			isa = PBXContainerItemProxy;
			containerPortal = 297FA22929F170ED000E8B05 /* Project object */;
			proxyType = 1;
			remoteGlobalIDString = 297FA23029F170EE000E8B05;
			remoteInfo = CollectionViewMovieApp;
		};
		297FA25229F170EF000E8B05 /* PBXContainerItemProxy */ = {
			isa = PBXContainerItemProxy;
			containerPortal = 297FA22929F170ED000E8B05 /* Project object */;
			proxyType = 1;
			remoteGlobalIDString = 297FA23029F170EE000E8B05;
			remoteInfo = CollectionViewMovieApp;
		};
/* End PBXContainerItemProxy section */

/* Begin PBXFileReference section */
		297FA23129F170EE000E8B05 /* CollectionViewMovieApp.app */ = {isa = PBXFileReference; explicitFileType = wrapper.application; includeInIndex = 0; path = CollectionViewMovieApp.app; sourceTree = BUILT_PRODUCTS_DIR; };
		297FA23429F170EE000E8B05 /* AppDelegate.swift */ = {isa = PBXFileReference; lastKnownFileType = sourcecode.swift; path = AppDelegate.swift; sourceTree = "<group>"; };
		297FA23629F170EE000E8B05 /* SceneDelegate.swift */ = {isa = PBXFileReference; lastKnownFileType = sourcecode.swift; path = SceneDelegate.swift; sourceTree = "<group>"; };
		297FA23829F170EE000E8B05 /* ViewController.swift */ = {isa = PBXFileReference; lastKnownFileType = sourcecode.swift; path = ViewController.swift; sourceTree = "<group>"; };
		297FA23B29F170EE000E8B05 /* Base */ = {isa = PBXFileReference; lastKnownFileType = file.storyboard; name = Base; path = Base.lproj/Main.storyboard; sourceTree = "<group>"; };
		297FA23D29F170EF000E8B05 /* Assets.xcassets */ = {isa = PBXFileReference; lastKnownFileType = folder.assetcatalog; path = Assets.xcassets; sourceTree = "<group>"; };
		297FA24029F170EF000E8B05 /* Base */ = {isa = PBXFileReference; lastKnownFileType = file.storyboard; name = Base; path = Base.lproj/LaunchScreen.storyboard; sourceTree = "<group>"; };
		297FA24229F170EF000E8B05 /* Info.plist */ = {isa = PBXFileReference; lastKnownFileType = text.plist.xml; path = Info.plist; sourceTree = "<group>"; };
		297FA24729F170EF000E8B05 /* CollectionViewMovieAppTests.xctest */ = {isa = PBXFileReference; explicitFileType = wrapper.cfbundle; includeInIndex = 0; path = CollectionViewMovieAppTests.xctest; sourceTree = BUILT_PRODUCTS_DIR; };
		297FA24B29F170EF000E8B05 /* CollectionViewMovieAppTests.swift */ = {isa = PBXFileReference; lastKnownFileType = sourcecode.swift; path = CollectionViewMovieAppTests.swift; sourceTree = "<group>"; };
		297FA25129F170EF000E8B05 /* CollectionViewMovieAppUITests.xctest */ = {isa = PBXFileReference; explicitFileType = wrapper.cfbundle; includeInIndex = 0; path = CollectionViewMovieAppUITests.xctest; sourceTree = BUILT_PRODUCTS_DIR; };
		297FA25529F170EF000E8B05 /* CollectionViewMovieAppUITests.swift */ = {isa = PBXFileReference; lastKnownFileType = sourcecode.swift; path = CollectionViewMovieAppUITests.swift; sourceTree = "<group>"; };
		297FA25729F170EF000E8B05 /* CollectionViewMovieAppUITestsLaunchTests.swift */ = {isa = PBXFileReference; lastKnownFileType = sourcecode.swift; path = CollectionViewMovieAppUITestsLaunchTests.swift; sourceTree = "<group>"; };
		297FA26429F174DB000E8B05 /* Movie.swift */ = {isa = PBXFileReference; lastKnownFileType = sourcecode.swift; path = Movie.swift; sourceTree = "<group>"; };
		297FA26629F175CA000E8B05 /* MovieCollectionViewCell.swift */ = {isa = PBXFileReference; lastKnownFileType = sourcecode.swift; path = MovieCollectionViewCell.swift; sourceTree = "<group>"; };
/* End PBXFileReference section */

/* Begin PBXFrameworksBuildPhase section */
		297FA22E29F170EE000E8B05 /* Frameworks */ = {
			isa = PBXFrameworksBuildPhase;
			buildActionMask = 2147483647;
			files = (
			);
			runOnlyForDeploymentPostprocessing = 0;
		};
		297FA24429F170EF000E8B05 /* Frameworks */ = {
			isa = PBXFrameworksBuildPhase;
			buildActionMask = 2147483647;
			files = (
			);
			runOnlyForDeploymentPostprocessing = 0;
		};
		297FA24E29F170EF000E8B05 /* Frameworks */ = {
			isa = PBXFrameworksBuildPhase;
			buildActionMask = 2147483647;
			files = (
			);
			runOnlyForDeploymentPostprocessing = 0;
		};
/* End PBXFrameworksBuildPhase section */

/* Begin PBXGroup section */
		297FA22829F170ED000E8B05 = {
			isa = PBXGroup;
			children = (
				297FA23329F170EE000E8B05 /* CollectionViewMovieApp */,
				297FA24A29F170EF000E8B05 /* CollectionViewMovieAppTests */,
				297FA25429F170EF000E8B05 /* CollectionViewMovieAppUITests */,
				297FA23229F170EE000E8B05 /* Products */,
			);
			sourceTree = "<group>";
		};
		297FA23229F170EE000E8B05 /* Products */ = {
			isa = PBXGroup;
			children = (
				297FA23129F170EE000E8B05 /* CollectionViewMovieApp.app */,
				297FA24729F170EF000E8B05 /* CollectionViewMovieAppTests.xctest */,
				297FA25129F170EF000E8B05 /* CollectionViewMovieAppUITests.xctest */,
			);
			name = Products;
			sourceTree = "<group>";
		};
		297FA23329F170EE000E8B05 /* CollectionViewMovieApp */ = {
			isa = PBXGroup;
			children = (
				297FA23429F170EE000E8B05 /* AppDelegate.swift */,
				297FA23629F170EE000E8B05 /* SceneDelegate.swift */,
				297FA23829F170EE000E8B05 /* ViewController.swift */,
				297FA23A29F170EE000E8B05 /* Main.storyboard */,
				297FA23D29F170EF000E8B05 /* Assets.xcassets */,
				297FA23F29F170EF000E8B05 /* LaunchScreen.storyboard */,
				297FA24229F170EF000E8B05 /* Info.plist */,
				297FA26429F174DB000E8B05 /* Movie.swift */,
				297FA26629F175CA000E8B05 /* MovieCollectionViewCell.swift */,
			);
			path = CollectionViewMovieApp;
			sourceTree = "<group>";
		};
		297FA24A29F170EF000E8B05 /* CollectionViewMovieAppTests */ = {
			isa = PBXGroup;
			children = (
				297FA24B29F170EF000E8B05 /* CollectionViewMovieAppTests.swift */,
			);
			path = CollectionViewMovieAppTests;
			sourceTree = "<group>";
		};
		297FA25429F170EF000E8B05 /* CollectionViewMovieAppUITests */ = {
			isa = PBXGroup;
			children = (
				297FA25529F170EF000E8B05 /* CollectionViewMovieAppUITests.swift */,
				297FA25729F170EF000E8B05 /* CollectionViewMovieAppUITestsLaunchTests.swift */,
			);
			path = CollectionViewMovieAppUITests;
			sourceTree = "<group>";
		};
/* End PBXGroup section */

/* Begin PBXNativeTarget section */
		297FA23029F170EE000E8B05 /* CollectionViewMovieApp */ = {
			isa = PBXNativeTarget;
			buildConfigurationList = 297FA25B29F170EF000E8B05 /* Build configuration list for PBXNativeTarget "CollectionViewMovieApp" */;
			buildPhases = (
				297FA22D29F170EE000E8B05 /* Sources */,
				297FA22E29F170EE000E8B05 /* Frameworks */,
				297FA22F29F170EE000E8B05 /* Resources */,
			);
			buildRules = (
			);
			dependencies = (
			);
			name = CollectionViewMovieApp;
			productName = CollectionViewMovieApp;
			productReference = 297FA23129F170EE000E8B05 /* CollectionViewMovieApp.app */;
			productType = "com.apple.product-type.application";
		};
		297FA24629F170EF000E8B05 /* CollectionViewMovieAppTests */ = {
			isa = PBXNativeTarget;
			buildConfigurationList = 297FA25E29F170EF000E8B05 /* Build configuration list for PBXNativeTarget "CollectionViewMovieAppTests" */;
			buildPhases = (
				297FA24329F170EF000E8B05 /* Sources */,
				297FA24429F170EF000E8B05 /* Frameworks */,
				297FA24529F170EF000E8B05 /* Resources */,
			);
			buildRules = (
			);
			dependencies = (
				297FA24929F170EF000E8B05 /* PBXTargetDependency */,
			);
			name = CollectionViewMovieAppTests;
			productName = CollectionViewMovieAppTests;
			productReference = 297FA24729F170EF000E8B05 /* CollectionViewMovieAppTests.xctest */;
			productType = "com.apple.product-type.bundle.unit-test";
		};
		297FA25029F170EF000E8B05 /* CollectionViewMovieAppUITests */ = {
			isa = PBXNativeTarget;
			buildConfigurationList = 297FA26129F170EF000E8B05 /* Build configuration list for PBXNativeTarget "CollectionViewMovieAppUITests" */;
			buildPhases = (
				297FA24D29F170EF000E8B05 /* Sources */,
				297FA24E29F170EF000E8B05 /* Frameworks */,
				297FA24F29F170EF000E8B05 /* Resources */,
			);
			buildRules = (
			);
			dependencies = (
				297FA25329F170EF000E8B05 /* PBXTargetDependency */,
			);
			name = CollectionViewMovieAppUITests;
			productName = CollectionViewMovieAppUITests;
			productReference = 297FA25129F170EF000E8B05 /* CollectionViewMovieAppUITests.xctest */;
			productType = "com.apple.product-type.bundle.ui-testing";
		};
/* End PBXNativeTarget section */

/* Begin PBXProject section */
		297FA22929F170ED000E8B05 /* Project object */ = {
			isa = PBXProject;
			attributes = {
				BuildIndependentTargetsInParallel = 1;
				LastSwiftUpdateCheck = 1340;
				LastUpgradeCheck = 1340;
				TargetAttributes = {
					297FA23029F170EE000E8B05 = {
						CreatedOnToolsVersion = 13.4.1;
					};
					297FA24629F170EF000E8B05 = {
						CreatedOnToolsVersion = 13.4.1;
						TestTargetID = 297FA23029F170EE000E8B05;
					};
					297FA25029F170EF000E8B05 = {
						CreatedOnToolsVersion = 13.4.1;
						TestTargetID = 297FA23029F170EE000E8B05;
					};
				};
			};
			buildConfigurationList = 297FA22C29F170ED000E8B05 /* Build configuration list for PBXProject "CollectionViewMovieApp" */;
			compatibilityVersion = "Xcode 13.0";
			developmentRegion = en;
			hasScannedForEncodings = 0;
			knownRegions = (
				en,
				Base,
			);
			mainGroup = 297FA22829F170ED000E8B05;
			productRefGroup = 297FA23229F170EE000E8B05 /* Products */;
			projectDirPath = "";
			projectRoot = "";
			targets = (
				297FA23029F170EE000E8B05 /* CollectionViewMovieApp */,
				297FA24629F170EF000E8B05 /* CollectionViewMovieAppTests */,
				297FA25029F170EF000E8B05 /* CollectionViewMovieAppUITests */,
			);
		};
/* End PBXProject section */

/* Begin PBXResourcesBuildPhase section */
		297FA22F29F170EE000E8B05 /* Resources */ = {
			isa = PBXResourcesBuildPhase;
			buildActionMask = 2147483647;
			files = (
				297FA24129F170EF000E8B05 /* LaunchScreen.storyboard in Resources */,
				297FA23E29F170EF000E8B05 /* Assets.xcassets in Resources */,
				297FA23C29F170EE000E8B05 /* Main.storyboard in Resources */,
			);
			runOnlyForDeploymentPostprocessing = 0;
		};
		297FA24529F170EF000E8B05 /* Resources */ = {
			isa = PBXResourcesBuildPhase;
			buildActionMask = 2147483647;
			files = (
			);
			runOnlyForDeploymentPostprocessing = 0;
		};
		297FA24F29F170EF000E8B05 /* Resources */ = {
			isa = PBXResourcesBuildPhase;
			buildActionMask = 2147483647;
			files = (
			);
			runOnlyForDeploymentPostprocessing = 0;
		};
/* End PBXResourcesBuildPhase section */

/* Begin PBXSourcesBuildPhase section */
		297FA22D29F170EE000E8B05 /* Sources */ = {
			isa = PBXSourcesBuildPhase;
			buildActionMask = 2147483647;
			files = (
				297FA23929F170EE000E8B05 /* ViewController.swift in Sources */,
				297FA23529F170EE000E8B05 /* AppDelegate.swift in Sources */,
				297FA26729F175CA000E8B05 /* MovieCollectionViewCell.swift in Sources */,
				297FA26529F174DB000E8B05 /* Movie.swift in Sources */,
				297FA23729F170EE000E8B05 /* SceneDelegate.swift in Sources */,
			);
			runOnlyForDeploymentPostprocessing = 0;
		};
		297FA24329F170EF000E8B05 /* Sources */ = {
			isa = PBXSourcesBuildPhase;
			buildActionMask = 2147483647;
			files = (
				297FA24C29F170EF000E8B05 /* CollectionViewMovieAppTests.swift in Sources */,
			);
			runOnlyForDeploymentPostprocessing = 0;
		};
		297FA24D29F170EF000E8B05 /* Sources */ = {
			isa = PBXSourcesBuildPhase;
			buildActionMask = 2147483647;
			files = (
				297FA25829F170EF000E8B05 /* CollectionViewMovieAppUITestsLaunchTests.swift in Sources */,
				297FA25629F170EF000E8B05 /* CollectionViewMovieAppUITests.swift in Sources */,
			);
			runOnlyForDeploymentPostprocessing = 0;
		};
/* End PBXSourcesBuildPhase section */

/* Begin PBXTargetDependency section */
		297FA24929F170EF000E8B05 /* PBXTargetDependency */ = {
			isa = PBXTargetDependency;
			target = 297FA23029F170EE000E8B05 /* CollectionViewMovieApp */;
			targetProxy = 297FA24829F170EF000E8B05 /* PBXContainerItemProxy */;
		};
		297FA25329F170EF000E8B05 /* PBXTargetDependency */ = {
			isa = PBXTargetDependency;
			target = 297FA23029F170EE000E8B05 /* CollectionViewMovieApp */;
			targetProxy = 297FA25229F170EF000E8B05 /* PBXContainerItemProxy */;
		};
/* End PBXTargetDependency section */

/* Begin PBXVariantGroup section */
		297FA23A29F170EE000E8B05 /* Main.storyboard */ = {
			isa = PBXVariantGroup;
			children = (
				297FA23B29F170EE000E8B05 /* Base */,
			);
			name = Main.storyboard;
			sourceTree = "<group>";
		};
		297FA23F29F170EF000E8B05 /* LaunchScreen.storyboard */ = {
			isa = PBXVariantGroup;
			children = (
				297FA24029F170EF000E8B05 /* Base */,
			);
			name = LaunchScreen.storyboard;
			sourceTree = "<group>";
		};
/* End PBXVariantGroup section */

/* Begin XCBuildConfiguration section */
		297FA25929F170EF000E8B05 /* Debug */ = {
			isa = XCBuildConfiguration;
			buildSettings = {
				ALWAYS_SEARCH_USER_PATHS = NO;
				CLANG_ANALYZER_NONNULL = YES;
				CLANG_ANALYZER_NUMBER_OBJECT_CONVERSION = YES_AGGRESSIVE;
				CLANG_CXX_LANGUAGE_STANDARD = "gnu++17";
				CLANG_ENABLE_MODULES = YES;
				CLANG_ENABLE_OBJC_ARC = YES;
				CLANG_ENABLE_OBJC_WEAK = YES;
				CLANG_WARN_BLOCK_CAPTURE_AUTORELEASING = YES;
				CLANG_WARN_BOOL_CONVERSION = YES;
				CLANG_WARN_COMMA = YES;
				CLANG_WARN_CONSTANT_CONVERSION = YES;
				CLANG_WARN_DEPRECATED_OBJC_IMPLEMENTATIONS = YES;
				CLANG_WARN_DIRECT_OBJC_ISA_USAGE = YES_ERROR;
				CLANG_WARN_DOCUMENTATION_COMMENTS = YES;
				CLANG_WARN_EMPTY_BODY = YES;
				CLANG_WARN_ENUM_CONVERSION = YES;
				CLANG_WARN_INFINITE_RECURSION = YES;
				CLANG_WARN_INT_CONVERSION = YES;
				CLANG_WARN_NON_LITERAL_NULL_CONVERSION = YES;
				CLANG_WARN_OBJC_IMPLICIT_RETAIN_SELF = YES;
				CLANG_WARN_OBJC_LITERAL_CONVERSION = YES;
				CLANG_WARN_OBJC_ROOT_CLASS = YES_ERROR;
				CLANG_WARN_QUOTED_INCLUDE_IN_FRAMEWORK_HEADER = YES;
				CLANG_WARN_RANGE_LOOP_ANALYSIS = YES;
				CLANG_WARN_STRICT_PROTOTYPES = YES;
				CLANG_WARN_SUSPICIOUS_MOVE = YES;
				CLANG_WARN_UNGUARDED_AVAILABILITY = YES_AGGRESSIVE;
				CLANG_WARN_UNREACHABLE_CODE = YES;
				CLANG_WARN__DUPLICATE_METHOD_MATCH = YES;
				COPY_PHASE_STRIP = NO;
				DEBUG_INFORMATION_FORMAT = dwarf;
				ENABLE_STRICT_OBJC_MSGSEND = YES;
				ENABLE_TESTABILITY = YES;
				GCC_C_LANGUAGE_STANDARD = gnu11;
				GCC_DYNAMIC_NO_PIC = NO;
				GCC_NO_COMMON_BLOCKS = YES;
				GCC_OPTIMIZATION_LEVEL = 0;
				GCC_PREPROCESSOR_DEFINITIONS = (
					"DEBUG=1",
					"$(inherited)",
				);
				GCC_WARN_64_TO_32_BIT_CONVERSION = YES;
				GCC_WARN_ABOUT_RETURN_TYPE = YES_ERROR;
				GCC_WARN_UNDECLARED_SELECTOR = YES;
				GCC_WARN_UNINITIALIZED_AUTOS = YES_AGGRESSIVE;
				GCC_WARN_UNUSED_FUNCTION = YES;
				GCC_WARN_UNUSED_VARIABLE = YES;
				IPHONEOS_DEPLOYMENT_TARGET = 15.5;
				MTL_ENABLE_DEBUG_INFO = INCLUDE_SOURCE;
				MTL_FAST_MATH = YES;
				ONLY_ACTIVE_ARCH = YES;
				SDKROOT = iphoneos;
				SWIFT_ACTIVE_COMPILATION_CONDITIONS = DEBUG;
				SWIFT_OPTIMIZATION_LEVEL = "-Onone";
			};
			name = Debug;
		};
		297FA25A29F170EF000E8B05 /* Release */ = {
			isa = XCBuildConfiguration;
			buildSettings = {
				ALWAYS_SEARCH_USER_PATHS = NO;
				CLANG_ANALYZER_NONNULL = YES;
				CLANG_ANALYZER_NUMBER_OBJECT_CONVERSION = YES_AGGRESSIVE;
				CLANG_CXX_LANGUAGE_STANDARD = "gnu++17";
				CLANG_ENABLE_MODULES = YES;
				CLANG_ENABLE_OBJC_ARC = YES;
				CLANG_ENABLE_OBJC_WEAK = YES;
				CLANG_WARN_BLOCK_CAPTURE_AUTORELEASING = YES;
				CLANG_WARN_BOOL_CONVERSION = YES;
				CLANG_WARN_COMMA = YES;
				CLANG_WARN_CONSTANT_CONVERSION = YES;
				CLANG_WARN_DEPRECATED_OBJC_IMPLEMENTATIONS = YES;
				CLANG_WARN_DIRECT_OBJC_ISA_USAGE = YES_ERROR;
				CLANG_WARN_DOCUMENTATION_COMMENTS = YES;
				CLANG_WARN_EMPTY_BODY = YES;
				CLANG_WARN_ENUM_CONVERSION = YES;
				CLANG_WARN_INFINITE_RECURSION = YES;
				CLANG_WARN_INT_CONVERSION = YES;
				CLANG_WARN_NON_LITERAL_NULL_CONVERSION = YES;
				CLANG_WARN_OBJC_IMPLICIT_RETAIN_SELF = YES;
				CLANG_WARN_OBJC_LITERAL_CONVERSION = YES;
				CLANG_WARN_OBJC_ROOT_CLASS = YES_ERROR;
				CLANG_WARN_QUOTED_INCLUDE_IN_FRAMEWORK_HEADER = YES;
				CLANG_WARN_RANGE_LOOP_ANALYSIS = YES;
				CLANG_WARN_STRICT_PROTOTYPES = YES;
				CLANG_WARN_SUSPICIOUS_MOVE = YES;
				CLANG_WARN_UNGUARDED_AVAILABILITY = YES_AGGRESSIVE;
				CLANG_WARN_UNREACHABLE_CODE = YES;
				CLANG_WARN__DUPLICATE_METHOD_MATCH = YES;
				COPY_PHASE_STRIP = NO;
				DEBUG_INFORMATION_FORMAT = "dwarf-with-dsym";
				ENABLE_NS_ASSERTIONS = NO;
				ENABLE_STRICT_OBJC_MSGSEND = YES;
				GCC_C_LANGUAGE_STANDARD = gnu11;
				GCC_NO_COMMON_BLOCKS = YES;
				GCC_WARN_64_TO_32_BIT_CONVERSION = YES;
				GCC_WARN_ABOUT_RETURN_TYPE = YES_ERROR;
				GCC_WARN_UNDECLARED_SELECTOR = YES;
				GCC_WARN_UNINITIALIZED_AUTOS = YES_AGGRESSIVE;
				GCC_WARN_UNUSED_FUNCTION = YES;
				GCC_WARN_UNUSED_VARIABLE = YES;
				IPHONEOS_DEPLOYMENT_TARGET = 15.5;
				MTL_ENABLE_DEBUG_INFO = NO;
				MTL_FAST_MATH = YES;
				SDKROOT = iphoneos;
				SWIFT_COMPILATION_MODE = wholemodule;
				SWIFT_OPTIMIZATION_LEVEL = "-O";
				VALIDATE_PRODUCT = YES;
			};
			name = Release;
		};
		297FA25C29F170EF000E8B05 /* Debug */ = {
			isa = XCBuildConfiguration;
			buildSettings = {
				ASSETCATALOG_COMPILER_APPICON_NAME = AppIcon;
				ASSETCATALOG_COMPILER_GLOBAL_ACCENT_COLOR_NAME = AccentColor;
				CODE_SIGN_STYLE = Automatic;
				CURRENT_PROJECT_VERSION = 1;
				GENERATE_INFOPLIST_FILE = YES;
				INFOPLIST_FILE = CollectionViewMovieApp/Info.plist;
				INFOPLIST_KEY_CFBundleDisplayName = CollectionViewMovieApp;
				INFOPLIST_KEY_UIApplicationSupportsIndirectInputEvents = YES;
				INFOPLIST_KEY_UILaunchStoryboardName = LaunchScreen;
				INFOPLIST_KEY_UIMainStoryboardFile = Main;
				INFOPLIST_KEY_UISupportedInterfaceOrientations_iPad = "UIInterfaceOrientationPortrait UIInterfaceOrientationPortraitUpsideDown UIInterfaceOrientationLandscapeLeft UIInterfaceOrientationLandscapeRight";
				INFOPLIST_KEY_UISupportedInterfaceOrientations_iPhone = "UIInterfaceOrientationPortrait UIInterfaceOrientationLandscapeLeft UIInterfaceOrientationLandscapeRight";
				LD_RUNPATH_SEARCH_PATHS = (
					"$(inherited)",
					"@executable_path/Frameworks",
				);
				MARKETING_VERSION = 1.0;
				PRODUCT_BUNDLE_IDENTIFIER = nwmsu.CollectionViewMovieApp;
				PRODUCT_NAME = "$(TARGET_NAME)";
				SWIFT_EMIT_LOC_STRINGS = YES;
				SWIFT_VERSION = 5.0;
				TARGETED_DEVICE_FAMILY = "1,2";
			};
			name = Debug;
		};
		297FA25D29F170EF000E8B05 /* Release */ = {
			isa = XCBuildConfiguration;
			buildSettings = {
				ASSETCATALOG_COMPILER_APPICON_NAME = AppIcon;
				ASSETCATALOG_COMPILER_GLOBAL_ACCENT_COLOR_NAME = AccentColor;
				CODE_SIGN_STYLE = Automatic;
				CURRENT_PROJECT_VERSION = 1;
				GENERATE_INFOPLIST_FILE = YES;
				INFOPLIST_FILE = CollectionViewMovieApp/Info.plist;
				INFOPLIST_KEY_CFBundleDisplayName = CollectionViewMovieApp;
				INFOPLIST_KEY_UIApplicationSupportsIndirectInputEvents = YES;
				INFOPLIST_KEY_UILaunchStoryboardName = LaunchScreen;
				INFOPLIST_KEY_UIMainStoryboardFile = Main;
				INFOPLIST_KEY_UISupportedInterfaceOrientations_iPad = "UIInterfaceOrientationPortrait UIInterfaceOrientationPortraitUpsideDown UIInterfaceOrientationLandscapeLeft UIInterfaceOrientationLandscapeRight";
				INFOPLIST_KEY_UISupportedInterfaceOrientations_iPhone = "UIInterfaceOrientationPortrait UIInterfaceOrientationLandscapeLeft UIInterfaceOrientationLandscapeRight";
				LD_RUNPATH_SEARCH_PATHS = (
					"$(inherited)",
					"@executable_path/Frameworks",
				);
				MARKETING_VERSION = 1.0;
				PRODUCT_BUNDLE_IDENTIFIER = nwmsu.CollectionViewMovieApp;
				PRODUCT_NAME = "$(TARGET_NAME)";
				SWIFT_EMIT_LOC_STRINGS = YES;
				SWIFT_VERSION = 5.0;
				TARGETED_DEVICE_FAMILY = "1,2";
			};
			name = Release;
		};
		297FA25F29F170EF000E8B05 /* Debug */ = {
			isa = XCBuildConfiguration;
			buildSettings = {
				ALWAYS_EMBED_SWIFT_STANDARD_LIBRARIES = YES;
				BUNDLE_LOADER = "$(TEST_HOST)";
				CODE_SIGN_STYLE = Automatic;
				CURRENT_PROJECT_VERSION = 1;
				GENERATE_INFOPLIST_FILE = YES;
				IPHONEOS_DEPLOYMENT_TARGET = 15.5;
				MARKETING_VERSION = 1.0;
				PRODUCT_BUNDLE_IDENTIFIER = nwmsu.CollectionViewMovieAppTests;
				PRODUCT_NAME = "$(TARGET_NAME)";
				SWIFT_EMIT_LOC_STRINGS = NO;
				SWIFT_VERSION = 5.0;
				TARGETED_DEVICE_FAMILY = "1,2";
				TEST_HOST = "$(BUILT_PRODUCTS_DIR)/CollectionViewMovieApp.app/CollectionViewMovieApp";
			};
			name = Debug;
		};
		297FA26029F170EF000E8B05 /* Release */ = {
			isa = XCBuildConfiguration;
			buildSettings = {
				ALWAYS_EMBED_SWIFT_STANDARD_LIBRARIES = YES;
				BUNDLE_LOADER = "$(TEST_HOST)";
				CODE_SIGN_STYLE = Automatic;
				CURRENT_PROJECT_VERSION = 1;
				GENERATE_INFOPLIST_FILE = YES;
				IPHONEOS_DEPLOYMENT_TARGET = 15.5;
				MARKETING_VERSION = 1.0;
				PRODUCT_BUNDLE_IDENTIFIER = nwmsu.CollectionViewMovieAppTests;
				PRODUCT_NAME = "$(TARGET_NAME)";
				SWIFT_EMIT_LOC_STRINGS = NO;
				SWIFT_VERSION = 5.0;
				TARGETED_DEVICE_FAMILY = "1,2";
				TEST_HOST = "$(BUILT_PRODUCTS_DIR)/CollectionViewMovieApp.app/CollectionViewMovieApp";
			};
			name = Release;
		};
		297FA26229F170EF000E8B05 /* Debug */ = {
			isa = XCBuildConfiguration;
			buildSettings = {
				ALWAYS_EMBED_SWIFT_STANDARD_LIBRARIES = YES;
				CODE_SIGN_STYLE = Automatic;
				CURRENT_PROJECT_VERSION = 1;
				GENERATE_INFOPLIST_FILE = YES;
				MARKETING_VERSION = 1.0;
				PRODUCT_BUNDLE_IDENTIFIER = nwmsu.CollectionViewMovieAppUITests;
				PRODUCT_NAME = "$(TARGET_NAME)";
				SWIFT_EMIT_LOC_STRINGS = NO;
				SWIFT_VERSION = 5.0;
				TARGETED_DEVICE_FAMILY = "1,2";
				TEST_TARGET_NAME = CollectionViewMovieApp;
			};
			name = Debug;
		};
		297FA26329F170EF000E8B05 /* Release */ = {
			isa = XCBuildConfiguration;
			buildSettings = {
				ALWAYS_EMBED_SWIFT_STANDARD_LIBRARIES = YES;
				CODE_SIGN_STYLE = Automatic;
				CURRENT_PROJECT_VERSION = 1;
				GENERATE_INFOPLIST_FILE = YES;
				MARKETING_VERSION = 1.0;
				PRODUCT_BUNDLE_IDENTIFIER = nwmsu.CollectionViewMovieAppUITests;
				PRODUCT_NAME = "$(TARGET_NAME)";
				SWIFT_EMIT_LOC_STRINGS = NO;
				SWIFT_VERSION = 5.0;
				TARGETED_DEVICE_FAMILY = "1,2";
				TEST_TARGET_NAME = CollectionViewMovieApp;
			};
			name = Release;
		};
/* End XCBuildConfiguration section */

/* Begin XCConfigurationList section */
		297FA22C29F170ED000E8B05 /* Build configuration list for PBXProject "CollectionViewMovieApp" */ = {
			isa = XCConfigurationList;
			buildConfigurations = (
				297FA25929F170EF000E8B05 /* Debug */,
				297FA25A29F170EF000E8B05 /* Release */,
			);
			defaultConfigurationIsVisible = 0;
			defaultConfigurationName = Release;
		};
		297FA25B29F170EF000E8B05 /* Build configuration list for PBXNativeTarget "CollectionViewMovieApp" */ = {
			isa = XCConfigurationList;
			buildConfigurations = (
				297FA25C29F170EF000E8B05 /* Debug */,
				297FA25D29F170EF000E8B05 /* Release */,
			);
			defaultConfigurationIsVisible = 0;
			defaultConfigurationName = Release;
		};
		297FA25E29F170EF000E8B05 /* Build configuration list for PBXNativeTarget "CollectionViewMovieAppTests" */ = {
			isa = XCConfigurationList;
			buildConfigurations = (
				297FA25F29F170EF000E8B05 /* Debug */,
				297FA26029F170EF000E8B05 /* Release */,
			);
			defaultConfigurationIsVisible = 0;
			defaultConfigurationName = Release;
		};
		297FA26129F170EF000E8B05 /* Build configuration list for PBXNativeTarget "CollectionViewMovieAppUITests" */ = {
			isa = XCConfigurationList;
			buildConfigurations = (
				297FA26229F170EF000E8B05 /* Debug */,
				297FA26329F170EF000E8B05 /* Release */,
			);
			defaultConfigurationIsVisible = 0;
			defaultConfigurationName = Release;
		};
/* End XCConfigurationList section */
	};
	rootObject = 297FA22929F170ED000E8B05 /* Project object */;
}
